
Microsoft Visual Studio Solution File, Format Version 12.00
# Visual Studio Version 16
VisualStudioVersion = 16.0.30523.141
MinimumVisualStudioVersion = 10.0.40219.1
Project("{FAE04EC0-301F-11D3-BF4B-00C04F79EFBC}") = "BowlingGameKata.Tests", "BowlingGameKata.Tests\BowlingGameKata.Tests.csproj", "{5C7DCD88-800B-4B97-B8EB-141A93756FD4}"
EndProject
Project("{2150E333-8FDC-42A3-9474-1A3956D46DE8}") = "SolutionItems", "SolutionItems", "{45A2A886-8944-4D34-BD13-702A621AC5F8}"
	ProjectSection(SolutionItems) = preProject
		SolutionItems\Bowling Game Kata.ppt = SolutionItems\Bowling Game Kata.ppt
	EndProjectSection
EndProject
Project("{FAE04EC0-301F-11D3-BF4B-00C04F79EFBC}") = "BowlingGameKata", "BowlingGameKata\BowlingGameKata.csproj", "{D22A8145-4038-436B-ADEA-F1A698904E36}"
EndProject
Global
	GlobalSection(SolutionConfigurationPlatforms) = preSolution
		Debug|Any CPU = Debug|Any CPU
		Release|Any CPU = Release|Any CPU
	EndGlobalSection
	GlobalSection(ProjectConfigurationPlatforms) = postSolution
		{5C7DCD88-800B-4B97-B8EB-141A93756FD4}.Debug|Any CPU.ActiveCfg = Debug|Any CPU
		{5C7DCD88-800B-4B97-B8EB-141A93756FD4}.Debug|Any CPU.Build.0 = Debug|Any CPU
		{5C7DCD88-800B-4B97-B8EB-141A93756FD4}.Release|Any CPU.ActiveCfg = Release|Any CPU
		{5C7DCD88-800B-4B97-B8EB-141A93756FD4}.Release|Any CPU.Build.0 = Release|Any CPU
		{D22A8145-4038-436B-ADEA-F1A698904E36}.Debug|Any CPU.ActiveCfg = Debug|Any CPU
		{D22A8145-4038-436B-ADEA-F1A698904E36}.Debug|Any CPU.Build.0 = Debug|Any CPU
		{D22A8145-4038-436B-ADEA-F1A698904E36}.Release|Any CPU.ActiveCfg = Release|Any CPU
		{D22A8145-4038-436B-ADEA-F1A698904E36}.Release|Any CPU.Build.0 = Release|Any CPU
	EndGlobalSection
	GlobalSection(SolutionProperties) = preSolution
		HideSolutionNode = FALSE
	EndGlobalSection
	GlobalSection(ExtensibilityGlobals) = postSolution
		SolutionGuid = {1BC12B3A-6270-48CA-9CE4-1A93D3724B16}
	EndGlobalSection
EndGlobal
